PODS:
  - Flutter (1.0.0)
  - shosai_flutter_bridge (0.0.1):
    - Flutter

DEPENDENCIES:
  - Flutter (from `Flutter`)
  - shosai_flutter_bridge (from `.symlinks/plugins/shosai_flutter_bridge/ios`)

EXTERNAL SOURCES:
  Flutter:
    :path: Flutter
  shosai_flutter_bridge:
    :path: ".symlinks/plugins/shosai_flutter_bridge/ios"

SPEC CHECKSUMS:
  Flutter: cabc95a1d2626b1b06e7179b784ebcf0c0cde467
  shosai_flutter_bridge: 3a4b0c346e77bb1fda367467ac93a12a20267598

PODFILE CHECKSUM: 3c63482e143d1b91d2d2560aee9fb04ecc74ac7e

COCOAPODS: 1.16.2
