PODS:
  - Flutter (1.0.0)
  - integration_test (0.0.1):
    - Flutter
  - shosai_flutter_bridge (0.0.1):
    - Flutter

DEPENDENCIES:
  - Flutter (from `Flutter`)
  - integration_test (from `.symlinks/plugins/integration_test/ios`)
  - shosai_flutter_bridge (from `.symlinks/plugins/shosai_flutter_bridge/ios`)

EXTERNAL SOURCES:
  Flutter:
    :path: Flutter
  integration_test:
    :path: ".symlinks/plugins/integration_test/ios"
  shosai_flutter_bridge:
    :path: ".symlinks/plugins/shosai_flutter_bridge/ios"

SPEC CHECKSUMS:
  Flutter: cabc95a1d2626b1b06e7179b784ebcf0c0cde467
  integration_test: 252f60fa39af5e17c3aa9899d35d908a0721b573
  shosai_flutter_bridge: d2ba49dcc19ab8dceff1c2b7c525d10e7178174f

PODFILE CHECKSUM: 3c63482e143d1b91d2d2560aee9fb04ecc74ac7e

COCOAPODS: 1.16.2
